
Microsoft Visual Studio Solution File, Format Version 12.00
# Visual Studio Version 17
VisualStudioVersion = 17.6.33801.468
MinimumVisualStudioVersion = 10.0.40219.1
Project("{FAE04EC0-301F-11D3-BF4B-00C04F79EFBC}") = "TraversalCoreProje", "TraversalCoreProje\TraversalCoreProje.csproj", "{E53E1A5A-AAD6-421E-829F-1A5C00DFD60C}"
EndProject
Project("{FAE04EC0-301F-11D3-BF4B-00C04F79EFBC}") = "EntityLayer", "EntityLayer\EntityLayer.csproj", "{B1EBD870-A8E5-4900-984F-4C5B89A9714B}"
EndProject
Project("{FAE04EC0-301F-11D3-BF4B-00C04F79EFBC}") = "DataAccessLayer", "DataAccessLayer\DataAccessLayer.csproj", "{AA05A98E-4B75-441C-9683-E04BDC90FA53}"
EndProject
Project("{FAE04EC0-301F-11D3-BF4B-00C04F79EFBC}") = "BusinessLayer", "BusinessLayer\BusinessLayer.csproj", "{E3EC86D6-3CDC-440B-B497-E22910FFD549}"
EndProject
Global
	GlobalSection(SolutionConfigurationPlatforms) = preSolution
		Debug|Any CPU = Debug|Any CPU
		Release|Any CPU = Release|Any CPU
	EndGlobalSection
	GlobalSection(ProjectConfigurationPlatforms) = postSolution
		{E53E1A5A-AAD6-421E-829F-1A5C00DFD60C}.Debug|Any CPU.ActiveCfg = Debug|Any CPU
		{E53E1A5A-AAD6-421E-829F-1A5C00DFD60C}.Debug|Any CPU.Build.0 = Debug|Any CPU
		{E53E1A5A-AAD6-421E-829F-1A5C00DFD60C}.Release|Any CPU.ActiveCfg = Release|Any CPU
		{E53E1A5A-AAD6-421E-829F-1A5C00DFD60C}.Release|Any CPU.Build.0 = Release|Any CPU
		{B1EBD870-A8E5-4900-984F-4C5B89A9714B}.Debug|Any CPU.ActiveCfg = Debug|Any CPU
		{B1EBD870-A8E5-4900-984F-4C5B89A9714B}.Debug|Any CPU.Build.0 = Debug|Any CPU
		{B1EBD870-A8E5-4900-984F-4C5B89A9714B}.Release|Any CPU.ActiveCfg = Release|Any CPU
		{B1EBD870-A8E5-4900-984F-4C5B89A9714B}.Release|Any CPU.Build.0 = Release|Any CPU
		{AA05A98E-4B75-441C-9683-E04BDC90FA53}.Debug|Any CPU.ActiveCfg = Debug|Any CPU
		{AA05A98E-4B75-441C-9683-E04BDC90FA53}.Debug|Any CPU.Build.0 = Debug|Any CPU
		{AA05A98E-4B75-441C-9683-E04BDC90FA53}.Release|Any CPU.ActiveCfg = Release|Any CPU
		{AA05A98E-4B75-441C-9683-E04BDC90FA53}.Release|Any CPU.Build.0 = Release|Any CPU
		{E3EC86D6-3CDC-440B-B497-E22910FFD549}.Debug|Any CPU.ActiveCfg = Debug|Any CPU
		{E3EC86D6-3CDC-440B-B497-E22910FFD549}.Debug|Any CPU.Build.0 = Debug|Any CPU
		{E3EC86D6-3CDC-440B-B497-E22910FFD549}.Release|Any CPU.ActiveCfg = Release|Any CPU
		{E3EC86D6-3CDC-440B-B497-E22910FFD549}.Release|Any CPU.Build.0 = Release|Any CPU
	EndGlobalSection
	GlobalSection(SolutionProperties) = preSolution
		HideSolutionNode = FALSE
	EndGlobalSection
	GlobalSection(ExtensibilityGlobals) = postSolution
		SolutionGuid = {916E55F1-31C6-45A6-86A7-0939D833C701}
	EndGlobalSection
EndGlobal
